// !$*UTF8*$!
{
	archiveVersion = 1;
	classes = {
	};
	objectVersion = 56;
	objects = {

/* Begin PBXBuildFile section */
		BF6915582BEDB8CE006F6475 /* JournalEntry.swift in Sources */ = {isa = PBXBuildFile; fileRef = BF6915572BEDB8CE006F6475 /* JournalEntry.swift */; };
		BF69155A2BEDC0D8006F6475 /* JournalListTableViewCell.swift in Sources */ = {isa = PBXBuildFile; fileRef = BF6915592BEDC0D8006F6475 /* JournalListTableViewCell.swift */; };
		BF69155D2BEDDD3B006F6475 /* AddJournalEntryViewController.swift in Sources */ = {isa = PBXBuildFile; fileRef = BF69155C2BEDDD3B006F6475 /* AddJournalEntryViewController.swift */; };
		BF6915602BEE01DC006F6475 /* JournalEntryDetailViewController.swift in Sources */ = {isa = PBXBuildFile; fileRef = BF69155F2BEE01DC006F6475 /* JournalEntryDetailViewController.swift */; };
		BFB3094B2BE9FBCB00C9CED4 /* AppDelegate.swift in Sources */ = {isa = PBXBuildFile; fileRef = BFB3094A2BE9FBCB00C9CED4 /* AppDelegate.swift */; };
		BFB3094D2BE9FBCB00C9CED4 /* SceneDelegate.swift in Sources */ = {isa = PBXBuildFile; fileRef = BFB3094C2BE9FBCB00C9CED4 /* SceneDelegate.swift */; };
		BFB3094F2BE9FBCB00C9CED4 /* JournalListViewController.swift in Sources */ = {isa = PBXBuildFile; fileRef = BFB3094E2BE9FBCB00C9CED4 /* JournalListViewController.swift */; };
		BFB309522BE9FBCB00C9CED4 /* Base in Resources */ = {isa = PBXBuildFile; fileRef = BFB309512BE9FBCB00C9CED4 /* Base */; };
		BFB309542BE9FBCE00C9CED4 /* Assets.xcassets in Resources */ = {isa = PBXBuildFile; fileRef = BFB309532BE9FBCE00C9CED4 /* Assets.xcassets */; };
		BFB309572BE9FBCE00C9CED4 /* Base in Resources */ = {isa = PBXBuildFile; fileRef = BFB309562BE9FBCE00C9CED4 /* Base */; };
		BFE594492BF3283700B823D2 /* MapViewController.swift in Sources */ = {isa = PBXBuildFile; fileRef = BFE594482BF3283700B823D2 /* MapViewController.swift */; };
/* End PBXBuildFile section */

/* Begin PBXFileReference section */
		BF6915572BEDB8CE006F6475 /* JournalEntry.swift */ = {isa = PBXFileReference; lastKnownFileType = sourcecode.swift; path = JournalEntry.swift; sourceTree = "<group>"; };
		BF6915592BEDC0D8006F6475 /* JournalListTableViewCell.swift */ = {isa = PBXFileReference; lastKnownFileType = sourcecode.swift; path = JournalListTableViewCell.swift; sourceTree = "<group>"; };
		BF69155C2BEDDD3B006F6475 /* AddJournalEntryViewController.swift */ = {isa = PBXFileReference; lastKnownFileType = sourcecode.swift; path = AddJournalEntryViewController.swift; sourceTree = "<group>"; };
		BF69155F2BEE01DC006F6475 /* JournalEntryDetailViewController.swift */ = {isa = PBXFileReference; lastKnownFileType = sourcecode.swift; path = JournalEntryDetailViewController.swift; sourceTree = "<group>"; };
		BFB309472BE9FBCB00C9CED4 /* JRNL.app */ = {isa = PBXFileReference; explicitFileType = wrapper.application; includeInIndex = 0; path = JRNL.app; sourceTree = BUILT_PRODUCTS_DIR; };
		BFB3094A2BE9FBCB00C9CED4 /* AppDelegate.swift */ = {isa = PBXFileReference; lastKnownFileType = sourcecode.swift; path = AppDelegate.swift; sourceTree = "<group>"; };
		BFB3094C2BE9FBCB00C9CED4 /* SceneDelegate.swift */ = {isa = PBXFileReference; lastKnownFileType = sourcecode.swift; path = SceneDelegate.swift; sourceTree = "<group>"; };
		BFB3094E2BE9FBCB00C9CED4 /* JournalListViewController.swift */ = {isa = PBXFileReference; lastKnownFileType = sourcecode.swift; path = JournalListViewController.swift; sourceTree = "<group>"; };
		BFB309512BE9FBCB00C9CED4 /* Base */ = {isa = PBXFileReference; lastKnownFileType = file.storyboard; name = Base; path = Base.lproj/Main.storyboard; sourceTree = "<group>"; };
		BFB309532BE9FBCE00C9CED4 /* Assets.xcassets */ = {isa = PBXFileReference; lastKnownFileType = folder.assetcatalog; path = Assets.xcassets; sourceTree = "<group>"; };
		BFB309562BE9FBCE00C9CED4 /* Base */ = {isa = PBXFileReference; lastKnownFileType = file.storyboard; name = Base; path = Base.lproj/LaunchScreen.storyboard; sourceTree = "<group>"; };
		BFB309582BE9FBCE00C9CED4 /* Info.plist */ = {isa = PBXFileReference; lastKnownFileType = text.plist.xml; path = Info.plist; sourceTree = "<group>"; };
		BFE594482BF3283700B823D2 /* MapViewController.swift */ = {isa = PBXFileReference; lastKnownFileType = sourcecode.swift; path = MapViewController.swift; sourceTree = "<group>"; };
/* End PBXFileReference section */

/* Begin PBXFrameworksBuildPhase section */
		BFB309442BE9FBCB00C9CED4 /* Frameworks */ = {
			isa = PBXFrameworksBuildPhase;
			buildActionMask = 2147483647;
			files = (
			);
			runOnlyForDeploymentPostprocessing = 0;
		};
/* End PBXFrameworksBuildPhase section */

/* Begin PBXGroup section */
		BF6915532BEDB7C3006F6475 /* Journal List Screen */ = {
			isa = PBXGroup;
			children = (
				BF6915562BEDB87A006F6475 /* View */,
				BF6915552BEDB874006F6475 /* Model */,
				BFB3094E2BE9FBCB00C9CED4 /* JournalListViewController.swift */,
			);
			path = "Journal List Screen";
			sourceTree = "<group>";
		};
		BF6915552BEDB874006F6475 /* Model */ = {
			isa = PBXGroup;
			children = (
				BF6915572BEDB8CE006F6475 /* JournalEntry.swift */,
			);
			path = Model;
			sourceTree = "<group>";
		};
		BF6915562BEDB87A006F6475 /* View */ = {
			isa = PBXGroup;
			children = (
				BF6915592BEDC0D8006F6475 /* JournalListTableViewCell.swift */,
			);
			path = View;
			sourceTree = "<group>";
		};
		BF69155B2BEDDCCB006F6475 /* Add New Entry Screen */ = {
			isa = PBXGroup;
			children = (
				BF69155C2BEDDD3B006F6475 /* AddJournalEntryViewController.swift */,
			);
			path = "Add New Entry Screen";
			sourceTree = "<group>";
		};
		BF69155E2BEE019E006F6475 /* Entry Detail Scene */ = {
			isa = PBXGroup;
			children = (
				BF69155F2BEE01DC006F6475 /* JournalEntryDetailViewController.swift */,
			);
			path = "Entry Detail Scene";
			sourceTree = "<group>";
		};
		BFB3093E2BE9FBCB00C9CED4 = {
			isa = PBXGroup;
			children = (
				BFB309492BE9FBCB00C9CED4 /* JRNL */,
				BFB309482BE9FBCB00C9CED4 /* Products */,
			);
			sourceTree = "<group>";
		};
		BFB309482BE9FBCB00C9CED4 /* Products */ = {
			isa = PBXGroup;
			children = (
				BFB309472BE9FBCB00C9CED4 /* JRNL.app */,
			);
			name = Products;
			sourceTree = "<group>";
		};
		BFB309492BE9FBCB00C9CED4 /* JRNL */ = {
			isa = PBXGroup;
			children = (
				BF69155E2BEE019E006F6475 /* Entry Detail Scene */,
				BF69155B2BEDDCCB006F6475 /* Add New Entry Screen */,
				BFB3094A2BE9FBCB00C9CED4 /* AppDelegate.swift */,
				BFB3094C2BE9FBCB00C9CED4 /* SceneDelegate.swift */,
				BFE594472BF327E900B823D2 /* Map Screen */,
				BF6915532BEDB7C3006F6475 /* Journal List Screen */,
				BFB309502BE9FBCB00C9CED4 /* Main.storyboard */,
				BFB309532BE9FBCE00C9CED4 /* Assets.xcassets */,
				BFB309552BE9FBCE00C9CED4 /* LaunchScreen.storyboard */,
				BFB309582BE9FBCE00C9CED4 /* Info.plist */,
			);
			path = JRNL;
			sourceTree = "<group>";
		};
		BFE594472BF327E900B823D2 /* Map Screen */ = {
			isa = PBXGroup;
			children = (
				BFE594482BF3283700B823D2 /* MapViewController.swift */,
			);
			path = "Map Screen";
			sourceTree = "<group>";
		};
/* End PBXGroup section */

/* Begin PBXNativeTarget section */
		BFB309462BE9FBCB00C9CED4 /* JRNL */ = {
			isa = PBXNativeTarget;
			buildConfigurationList = BFB3095B2BE9FBCE00C9CED4 /* Build configuration list for PBXNativeTarget "JRNL" */;
			buildPhases = (
				BFB309432BE9FBCB00C9CED4 /* Sources */,
				BFB309442BE9FBCB00C9CED4 /* Frameworks */,
				BFB309452BE9FBCB00C9CED4 /* Resources */,
			);
			buildRules = (
			);
			dependencies = (
			);
			name = JRNL;
			productName = JRNL;
			productReference = BFB309472BE9FBCB00C9CED4 /* JRNL.app */;
			productType = "com.apple.product-type.application";
		};
/* End PBXNativeTarget section */

/* Begin PBXProject section */
		BFB3093F2BE9FBCB00C9CED4 /* Project object */ = {
			isa = PBXProject;
			attributes = {
				BuildIndependentTargetsInParallel = 1;
				LastSwiftUpdateCheck = 1530;
				LastUpgradeCheck = 1530;
				TargetAttributes = {
					BFB309462BE9FBCB00C9CED4 = {
						CreatedOnToolsVersion = 15.3;
					};
				};
			};
			buildConfigurationList = BFB309422BE9FBCB00C9CED4 /* Build configuration list for PBXProject "JRNL" */;
			compatibilityVersion = "Xcode 14.0";
			developmentRegion = en;
			hasScannedForEncodings = 0;
			knownRegions = (
				en,
				Base,
			);
			mainGroup = BFB3093E2BE9FBCB00C9CED4;
			productRefGroup = BFB309482BE9FBCB00C9CED4 /* Products */;
			projectDirPath = "";
			projectRoot = "";
			targets = (
				BFB309462BE9FBCB00C9CED4 /* JRNL */,
			);
		};
/* End PBXProject section */

/* Begin PBXResourcesBuildPhase section */
		BFB309452BE9FBCB00C9CED4 /* Resources */ = {
			isa = PBXResourcesBuildPhase;
			buildActionMask = 2147483647;
			files = (
				BFB309542BE9FBCE00C9CED4 /* Assets.xcassets in Resources */,
				BFB309572BE9FBCE00C9CED4 /* Base in Resources */,
				BFB309522BE9FBCB00C9CED4 /* Base in Resources */,
			);
			runOnlyForDeploymentPostprocessing = 0;
		};
/* End PBXResourcesBuildPhase section */

/* Begin PBXSourcesBuildPhase section */
		BFB309432BE9FBCB00C9CED4 /* Sources */ = {
			isa = PBXSourcesBuildPhase;
			buildActionMask = 2147483647;
			files = (
				BFB3094F2BE9FBCB00C9CED4 /* JournalListViewController.swift in Sources */,
				BFB3094B2BE9FBCB00C9CED4 /* AppDelegate.swift in Sources */,
				BF6915582BEDB8CE006F6475 /* JournalEntry.swift in Sources */,
				BF69155A2BEDC0D8006F6475 /* JournalListTableViewCell.swift in Sources */,
				BF69155D2BEDDD3B006F6475 /* AddJournalEntryViewController.swift in Sources */,
				BF6915602BEE01DC006F6475 /* JournalEntryDetailViewController.swift in Sources */,
				BFB3094D2BE9FBCB00C9CED4 /* SceneDelegate.swift in Sources */,
				BFE594492BF3283700B823D2 /* MapViewController.swift in Sources */,
			);
			runOnlyForDeploymentPostprocessing = 0;
		};
/* End PBXSourcesBuildPhase section */

/* Begin PBXVariantGroup section */
		BFB309502BE9FBCB00C9CED4 /* Main.storyboard */ = {
			isa = PBXVariantGroup;
			children = (
				BFB309512BE9FBCB00C9CED4 /* Base */,
			);
			name = Main.storyboard;
			sourceTree = "<group>";
		};
		BFB309552BE9FBCE00C9CED4 /* LaunchScreen.storyboard */ = {
			isa = PBXVariantGroup;
			children = (
				BFB309562BE9FBCE00C9CED4 /* Base */,
			);
			name = LaunchScreen.storyboard;
			sourceTree = "<group>";
		};
/* End PBXVariantGroup section */

/* Begin XCBuildConfiguration section */
		BFB309592BE9FBCE00C9CED4 /* Debug */ = {
			isa = XCBuildConfiguration;
			buildSettings = {
				ALWAYS_SEARCH_USER_PATHS = NO;
				ASSETCATALOG_COMPILER_GENERATE_SWIFT_ASSET_SYMBOL_EXTENSIONS = YES;
				CLANG_ANALYZER_NONNULL = YES;
				CLANG_ANALYZER_NUMBER_OBJECT_CONVERSION = YES_AGGRESSIVE;
				CLANG_CXX_LANGUAGE_STANDARD = "gnu++20";
				CLANG_ENABLE_MODULES = YES;
				CLANG_ENABLE_OBJC_ARC = YES;
				CLANG_ENABLE_OBJC_WEAK = YES;
				CLANG_WARN_BLOCK_CAPTURE_AUTORELEASING = YES;
				CLANG_WARN_BOOL_CONVERSION = YES;
				CLANG_WARN_COMMA = YES;
				CLANG_WARN_CONSTANT_CONVERSION = YES;
				CLANG_WARN_DEPRECATED_OBJC_IMPLEMENTATIONS = YES;
				CLANG_WARN_DIRECT_OBJC_ISA_USAGE = YES_ERROR;
				CLANG_WARN_DOCUMENTATION_COMMENTS = YES;
				CLANG_WARN_EMPTY_BODY = YES;
				CLANG_WARN_ENUM_CONVERSION = YES;
				CLANG_WARN_INFINITE_RECURSION = YES;
				CLANG_WARN_INT_CONVERSION = YES;
				CLANG_WARN_NON_LITERAL_NULL_CONVERSION = YES;
				CLANG_WARN_OBJC_IMPLICIT_RETAIN_SELF = YES;
				CLANG_WARN_OBJC_LITERAL_CONVERSION = YES;
				CLANG_WARN_OBJC_ROOT_CLASS = YES_ERROR;
				CLANG_WARN_QUOTED_INCLUDE_IN_FRAMEWORK_HEADER = YES;
				CLANG_WARN_RANGE_LOOP_ANALYSIS = YES;
				CLANG_WARN_STRICT_PROTOTYPES = YES;
				CLANG_WARN_SUSPICIOUS_MOVE = YES;
				CLANG_WARN_UNGUARDED_AVAILABILITY = YES_AGGRESSIVE;
				CLANG_WARN_UNREACHABLE_CODE = YES;
				CLANG_WARN__DUPLICATE_METHOD_MATCH = YES;
				COPY_PHASE_STRIP = NO;
				DEBUG_INFORMATION_FORMAT = dwarf;
				ENABLE_STRICT_OBJC_MSGSEND = YES;
				ENABLE_TESTABILITY = YES;
				ENABLE_USER_SCRIPT_SANDBOXING = YES;
				GCC_C_LANGUAGE_STANDARD = gnu17;
				GCC_DYNAMIC_NO_PIC = NO;
				GCC_NO_COMMON_BLOCKS = YES;
				GCC_OPTIMIZATION_LEVEL = 0;
				GCC_PREPROCESSOR_DEFINITIONS = (
					"DEBUG=1",
					"$(inherited)",
				);
				GCC_WARN_64_TO_32_BIT_CONVERSION = YES;
				GCC_WARN_ABOUT_RETURN_TYPE = YES_ERROR;
				GCC_WARN_UNDECLARED_SELECTOR = YES;
				GCC_WARN_UNINITIALIZED_AUTOS = YES_AGGRESSIVE;
				GCC_WARN_UNUSED_FUNCTION = YES;
				GCC_WARN_UNUSED_VARIABLE = YES;
				IPHONEOS_DEPLOYMENT_TARGET = 17.4;
				LOCALIZATION_PREFERS_STRING_CATALOGS = YES;
				MTL_ENABLE_DEBUG_INFO = INCLUDE_SOURCE;
				MTL_FAST_MATH = YES;
				ONLY_ACTIVE_ARCH = YES;
				SDKROOT = iphoneos;
				SWIFT_ACTIVE_COMPILATION_CONDITIONS = "DEBUG $(inherited)";
				SWIFT_OPTIMIZATION_LEVEL = "-Onone";
			};
			name = Debug;
		};
		BFB3095A2BE9FBCE00C9CED4 /* Release */ = {
			isa = XCBuildConfiguration;
			buildSettings = {
				ALWAYS_SEARCH_USER_PATHS = NO;
				ASSETCATALOG_COMPILER_GENERATE_SWIFT_ASSET_SYMBOL_EXTENSIONS = YES;
				CLANG_ANALYZER_NONNULL = YES;
				CLANG_ANALYZER_NUMBER_OBJECT_CONVERSION = YES_AGGRESSIVE;
				CLANG_CXX_LANGUAGE_STANDARD = "gnu++20";
				CLANG_ENABLE_MODULES = YES;
				CLANG_ENABLE_OBJC_ARC = YES;
				CLANG_ENABLE_OBJC_WEAK = YES;
				CLANG_WARN_BLOCK_CAPTURE_AUTORELEASING = YES;
				CLANG_WARN_BOOL_CONVERSION = YES;
				CLANG_WARN_COMMA = YES;
				CLANG_WARN_CONSTANT_CONVERSION = YES;
				CLANG_WARN_DEPRECATED_OBJC_IMPLEMENTATIONS = YES;
				CLANG_WARN_DIRECT_OBJC_ISA_USAGE = YES_ERROR;
				CLANG_WARN_DOCUMENTATION_COMMENTS = YES;
				CLANG_WARN_EMPTY_BODY = YES;
				CLANG_WARN_ENUM_CONVERSION = YES;
				CLANG_WARN_INFINITE_RECURSION = YES;
				CLANG_WARN_INT_CONVERSION = YES;
				CLANG_WARN_NON_LITERAL_NULL_CONVERSION = YES;
				CLANG_WARN_OBJC_IMPLICIT_RETAIN_SELF = YES;
				CLANG_WARN_OBJC_LITERAL_CONVERSION = YES;
				CLANG_WARN_OBJC_ROOT_CLASS = YES_ERROR;
				CLANG_WARN_QUOTED_INCLUDE_IN_FRAMEWORK_HEADER = YES;
				CLANG_WARN_RANGE_LOOP_ANALYSIS = YES;
				CLANG_WARN_STRICT_PROTOTYPES = YES;
				CLANG_WARN_SUSPICIOUS_MOVE = YES;
				CLANG_WARN_UNGUARDED_AVAILABILITY = YES_AGGRESSIVE;
				CLANG_WARN_UNREACHABLE_CODE = YES;
				CLANG_WARN__DUPLICATE_METHOD_MATCH = YES;
				COPY_PHASE_STRIP = NO;
				DEBUG_INFORMATION_FORMAT = "dwarf-with-dsym";
				ENABLE_NS_ASSERTIONS = NO;
				ENABLE_STRICT_OBJC_MSGSEND = YES;
				ENABLE_USER_SCRIPT_SANDBOXING = YES;
				GCC_C_LANGUAGE_STANDARD = gnu17;
				GCC_NO_COMMON_BLOCKS = YES;
				GCC_WARN_64_TO_32_BIT_CONVERSION = YES;
				GCC_WARN_ABOUT_RETURN_TYPE = YES_ERROR;
				GCC_WARN_UNDECLARED_SELECTOR = YES;
				GCC_WARN_UNINITIALIZED_AUTOS = YES_AGGRESSIVE;
				GCC_WARN_UNUSED_FUNCTION = YES;
				GCC_WARN_UNUSED_VARIABLE = YES;
				IPHONEOS_DEPLOYMENT_TARGET = 17.4;
				LOCALIZATION_PREFERS_STRING_CATALOGS = YES;
				MTL_ENABLE_DEBUG_INFO = NO;
				MTL_FAST_MATH = YES;
				SDKROOT = iphoneos;
				SWIFT_COMPILATION_MODE = wholemodule;
				VALIDATE_PRODUCT = YES;
			};
			name = Release;
		};
		BFB3095C2BE9FBCE00C9CED4 /* Debug */ = {
			isa = XCBuildConfiguration;
			buildSettings = {
				ASSETCATALOG_COMPILER_APPICON_NAME = AppIcon;
				ASSETCATALOG_COMPILER_GLOBAL_ACCENT_COLOR_NAME = AccentColor;
				CODE_SIGN_STYLE = Automatic;
				CURRENT_PROJECT_VERSION = 1;
				GENERATE_INFOPLIST_FILE = YES;
				INFOPLIST_FILE = JRNL/Info.plist;
				INFOPLIST_KEY_NSLocationAlwaysAndWhenInUseUsageDescription = "사용자의 위치 정보를 항상 확인합니다.";
				INFOPLIST_KEY_NSLocationWhenInUseUsageDescription = "사용자의 위치 정보를 사용 중에만 확인합니다.";
				INFOPLIST_KEY_UIApplicationSupportsIndirectInputEvents = YES;
				INFOPLIST_KEY_UILaunchStoryboardName = LaunchScreen;
				INFOPLIST_KEY_UIMainStoryboardFile = Main;
				INFOPLIST_KEY_UISupportedInterfaceOrientations_iPad = "UIInterfaceOrientationPortrait UIInterfaceOrientationPortraitUpsideDown UIInterfaceOrientationLandscapeLeft UIInterfaceOrientationLandscapeRight";
				INFOPLIST_KEY_UISupportedInterfaceOrientations_iPhone = "UIInterfaceOrientationPortrait UIInterfaceOrientationLandscapeLeft UIInterfaceOrientationLandscapeRight";
				LD_RUNPATH_SEARCH_PATHS = (
					"$(inherited)",
					"@executable_path/Frameworks",
				);
				MARKETING_VERSION = 1.0;
				PRODUCT_BUNDLE_IDENTIFIER = kr.co.codegrove.JRNL;
				PRODUCT_NAME = "$(TARGET_NAME)";
				SWIFT_EMIT_LOC_STRINGS = YES;
				SWIFT_VERSION = 5.0;
				TARGETED_DEVICE_FAMILY = "1,2";
			};
			name = Debug;
		};
		BFB3095D2BE9FBCE00C9CED4 /* Release */ = {
			isa = XCBuildConfiguration;
			buildSettings = {
				ASSETCATALOG_COMPILER_APPICON_NAME = AppIcon;
				ASSETCATALOG_COMPILER_GLOBAL_ACCENT_COLOR_NAME = AccentColor;
				CODE_SIGN_STYLE = Automatic;
				CURRENT_PROJECT_VERSION = 1;
				GENERATE_INFOPLIST_FILE = YES;
				INFOPLIST_FILE = JRNL/Info.plist;
				INFOPLIST_KEY_NSLocationAlwaysAndWhenInUseUsageDescription = "사용자의 위치 정보를 항상 확인합니다.";
				INFOPLIST_KEY_NSLocationWhenInUseUsageDescription = "사용자의 위치 정보를 사용 중에만 확인합니다.";
				INFOPLIST_KEY_UIApplicationSupportsIndirectInputEvents = YES;
				INFOPLIST_KEY_UILaunchStoryboardName = LaunchScreen;
				INFOPLIST_KEY_UIMainStoryboardFile = Main;
				INFOPLIST_KEY_UISupportedInterfaceOrientations_iPad = "UIInterfaceOrientationPortrait UIInterfaceOrientationPortraitUpsideDown UIInterfaceOrientationLandscapeLeft UIInterfaceOrientationLandscapeRight";
				INFOPLIST_KEY_UISupportedInterfaceOrientations_iPhone = "UIInterfaceOrientationPortrait UIInterfaceOrientationLandscapeLeft UIInterfaceOrientationLandscapeRight";
				LD_RUNPATH_SEARCH_PATHS = (
					"$(inherited)",
					"@executable_path/Frameworks",
				);
				MARKETING_VERSION = 1.0;
				PRODUCT_BUNDLE_IDENTIFIER = kr.co.codegrove.JRNL;
				PRODUCT_NAME = "$(TARGET_NAME)";
				SWIFT_EMIT_LOC_STRINGS = YES;
				SWIFT_VERSION = 5.0;
				TARGETED_DEVICE_FAMILY = "1,2";
			};
			name = Release;
		};
/* End XCBuildConfiguration section */

/* Begin XCConfigurationList section */
		BFB309422BE9FBCB00C9CED4 /* Build configuration list for PBXProject "JRNL" */ = {
			isa = XCConfigurationList;
			buildConfigurations = (
				BFB309592BE9FBCE00C9CED4 /* Debug */,
				BFB3095A2BE9FBCE00C9CED4 /* Release */,
			);
			defaultConfigurationIsVisible = 0;
			defaultConfigurationName = Release;
		};
		BFB3095B2BE9FBCE00C9CED4 /* Build configuration list for PBXNativeTarget "JRNL" */ = {
			isa = XCConfigurationList;
			buildConfigurations = (
				BFB3095C2BE9FBCE00C9CED4 /* Debug */,
				BFB3095D2BE9FBCE00C9CED4 /* Release */,
			);
			defaultConfigurationIsVisible = 0;
			defaultConfigurationName = Release;
		};
/* End XCConfigurationList section */
	};
	rootObject = BFB3093F2BE9FBCB00C9CED4 /* Project object */;
}
